<Solution>
  <Folder Name="/src/">
    <Project Path="src/Pixelbadger.EnterpriseTicTacToe.AppHost/Pixelbadger.EnterpriseTicTacToe.AppHost.csproj" />
    <Project Path="src/Pixelbadger.EnterpriseTicTacToe.Application/Pixelbadger.EnterpriseTicTacToe.Application.csproj" />
    <Project Path="src/Pixelbadger.EnterpriseTicTacToe.Domain/Pixelbadger.EnterpriseTicTacToe.Domain.csproj" />
    <Project Path="src/Pixelbadger.EnterpriseTicTacToe.Host/Pixelbadger.EnterpriseTicTacToe.Host.csproj" />
    <Project Path="src/Pixelbadger.EnterpriseTicTacToe.Infrastructure/Pixelbadger.EnterpriseTicTacToe.Infrastructure.csproj" />
  </Folder>
  <Folder Name="/tests/">
    <Project Path="tests/Pixelbadger.EnterpriseTicTacToe.Application.Tests/Pixelbadger.EnterpriseTicTacToe.Application.Tests.csproj" />
    <Project Path="tests/Pixelbadger.EnterpriseTicTacToe.Domain.Tests/Pixelbadger.EnterpriseTicTacToe.Domain.Tests.csproj" />
    <Project Path="tests/Pixelbadger.EnterpriseTicTacToe.Host.IntegrationTests/Pixelbadger.EnterpriseTicTacToe.Host.IntegrationTests.csproj" />
  </Folder>
</Solution>
